
Microsoft Visual Studio Solution File, Format Version 12.00
# Visual Studio Version 17
VisualStudioVersion = 17.6.33829.357
MinimumVisualStudioVersion = 10.0.40219.1
Project("{FAE04EC0-301F-11D3-BF4B-00C04F79EFBC}") = "bpaT", "bpaT\bpaT.csproj", "{E72FABA1-A11F-4675-8AAD-DE4C17DDA92A}"
EndProject
Global
	GlobalSection(SolutionConfigurationPlatforms) = preSolution
		Debug|Any CPU = Debug|Any CPU
		Release|Any CPU = Release|Any CPU
	EndGlobalSection
	GlobalSection(ProjectConfigurationPlatforms) = postSolution
		{E72FABA1-A11F-4675-8AAD-DE4C17DDA92A}.Debug|Any CPU.ActiveCfg = Debug|Any CPU
		{E72FABA1-A11F-4675-8AAD-DE4C17DDA92A}.Debug|Any CPU.Build.0 = Debug|Any CPU
		{E72FABA1-A11F-4675-8AAD-DE4C17DDA92A}.Release|Any CPU.ActiveCfg = Release|Any CPU
		{E72FABA1-A11F-4675-8AAD-DE4C17DDA92A}.Release|Any CPU.Build.0 = Release|Any CPU
	EndGlobalSection
	GlobalSection(SolutionProperties) = preSolution
		HideSolutionNode = FALSE
	EndGlobalSection
	GlobalSection(ExtensibilityGlobals) = postSolution
		SolutionGuid = {BB8DB6D2-1642-44EA-BEC9-A4286D2257D0}
	EndGlobalSection
EndGlobal
